
Microsoft Visual Studio Solution File, Format Version 12.00
# Visual Studio Version 16
VisualStudioVersion = 16.0.33927.289
MinimumVisualStudioVersion = 10.0.40219.1
Project("{2150E333-8FDC-42A3-9474-1A3956D46DE8}") = "Task0", "Task0", "{75908584-E4F7-414F-9FAB-E751AD66ED0A}"
EndProject
Project("{FAE04EC0-301F-11D3-BF4B-00C04F79EFBC}") = "Tyuiu.GrigorevKU.Sprint1.Task0.V11.Test", "Tyuiu.GrigorevKU.Sprint1.Task0.V11.Test\Tyuiu.GrigorevKU.Sprint1.Task0.V11.Test.csproj", "{9B16A2ED-A1F7-40AD-9CBB-BC3B3999A200}"
EndProject
Project("{FAE04EC0-301F-11D3-BF4B-00C04F79EFBC}") = "Tyuiu.GrigorevKU.Sprint1.Task0.V11.Lib", "Tyuiu.GrigorevKU.Sprint1.Task0.V11.Lib\Tyuiu.GrigorevKU.Sprint1.Task0.V11.Lib.csproj", "{045D39A1-453A-46E5-80F0-47B30CCFCC60}"
EndProject
Project("{FAE04EC0-301F-11D3-BF4B-00C04F79EFBC}") = "Tyuiu.GrigorevKU.Sprint1.Task0.V11", "Tyuiu.GrigorevKU.Sprint1.Task0.V11\Tyuiu.GrigorevKU.Sprint1.Task0.V11.csproj", "{5DB05902-4A16-47AE-B0BF-359A5706AE35}"
EndProject
Project("{2150E333-8FDC-42A3-9474-1A3956D46DE8}") = "Task1", "Task1", "{4285A720-9AA5-4072-B21A-C282D70A46AD}"
EndProject
Project("{FAE04EC0-301F-11D3-BF4B-00C04F79EFBC}") = "Tyuiu.GrigorevKU.Sprint1.Task1.V2.Test", "Tyuiu.GrigorevKU.Sprint1.Task1.V2.Test\Tyuiu.GrigorevKU.Sprint1.Task1.V2.Test.csproj", "{AB1C5C84-A39B-4CE1-963A-91CF53692EB5}"
EndProject
Project("{FAE04EC0-301F-11D3-BF4B-00C04F79EFBC}") = "Tyuiu.GrigorevKU.Sprint1.Task1.V2.Lib", "Tyuiu.GrigorevKU.Sprint1.Task1.V2.Lib\Tyuiu.GrigorevKU.Sprint1.Task1.V2.Lib.csproj", "{54BC9F21-C996-4AA6-B8B6-C86410D71DFB}"
EndProject
Project("{FAE04EC0-301F-11D3-BF4B-00C04F79EFBC}") = "Tyuiu.GrigorevKU.Sprint1.Task1.V2", "Tyuiu.GrigorevKU.Sprint1.Task1.V2\Tyuiu.GrigorevKU.Sprint1.Task1.V2.csproj", "{BEC5FE84-41B7-406E-ACB2-6C1FF7B45464}"
EndProject
Project("{2150E333-8FDC-42A3-9474-1A3956D46DE8}") = "Task2", "Task2", "{B7E226E9-6D33-4D6A-8A3F-A27C26847BE7}"
EndProject
Project("{FAE04EC0-301F-11D3-BF4B-00C04F79EFBC}") = "Tyuiu.GrigorevKU.Sprint1.Task2.V27.Lib", "Tyuiu.GrigorevKU.Sprint1.Task2.V27.Lib\Tyuiu.GrigorevKU.Sprint1.Task2.V27.Lib.csproj", "{643285D6-9410-4009-9124-37A8F8A5C2D0}"
EndProject
Project("{FAE04EC0-301F-11D3-BF4B-00C04F79EFBC}") = "Tyuiu.GrigorevKU.Sprint1.Task2.V27.Test", "Tyuiu.GrigorevKU.Sprint1.Task2.V27.Test\Tyuiu.GrigorevKU.Sprint1.Task2.V27.Test.csproj", "{E9F4C55A-C8C4-4EF7-A7C6-18098E8E5F1F}"
EndProject
Project("{FAE04EC0-301F-11D3-BF4B-00C04F79EFBC}") = "Tyuiu.GrigorevKU.Sprint1.Task2.V27", "Tyuiu.GrigorevKU.Sprint1.Task2.V27\Tyuiu.GrigorevKU.Sprint1.Task2.V27.csproj", "{DE6B87CE-FCB0-4D55-A0CC-9D9E82EEAADE}"
EndProject
Global
	GlobalSection(SolutionConfigurationPlatforms) = preSolution
		Debug|Any CPU = Debug|Any CPU
		Release|Any CPU = Release|Any CPU
	EndGlobalSection
	GlobalSection(ProjectConfigurationPlatforms) = postSolution
		{9B16A2ED-A1F7-40AD-9CBB-BC3B3999A200}.Debug|Any CPU.ActiveCfg = Debug|Any CPU
		{9B16A2ED-A1F7-40AD-9CBB-BC3B3999A200}.Debug|Any CPU.Build.0 = Debug|Any CPU
		{9B16A2ED-A1F7-40AD-9CBB-BC3B3999A200}.Release|Any CPU.ActiveCfg = Release|Any CPU
		{9B16A2ED-A1F7-40AD-9CBB-BC3B3999A200}.Release|Any CPU.Build.0 = Release|Any CPU
		{045D39A1-453A-46E5-80F0-47B30CCFCC60}.Debug|Any CPU.ActiveCfg = Debug|Any CPU
		{045D39A1-453A-46E5-80F0-47B30CCFCC60}.Debug|Any CPU.Build.0 = Debug|Any CPU
		{045D39A1-453A-46E5-80F0-47B30CCFCC60}.Release|Any CPU.ActiveCfg = Release|Any CPU
		{045D39A1-453A-46E5-80F0-47B30CCFCC60}.Release|Any CPU.Build.0 = Release|Any CPU
		{5DB05902-4A16-47AE-B0BF-359A5706AE35}.Debug|Any CPU.ActiveCfg = Debug|Any CPU
		{5DB05902-4A16-47AE-B0BF-359A5706AE35}.Debug|Any CPU.Build.0 = Debug|Any CPU
		{5DB05902-4A16-47AE-B0BF-359A5706AE35}.Release|Any CPU.ActiveCfg = Release|Any CPU
		{5DB05902-4A16-47AE-B0BF-359A5706AE35}.Release|Any CPU.Build.0 = Release|Any CPU
		{AB1C5C84-A39B-4CE1-963A-91CF53692EB5}.Debug|Any CPU.ActiveCfg = Debug|Any CPU
		{AB1C5C84-A39B-4CE1-963A-91CF53692EB5}.Debug|Any CPU.Build.0 = Debug|Any CPU
		{AB1C5C84-A39B-4CE1-963A-91CF53692EB5}.Release|Any CPU.ActiveCfg = Release|Any CPU
		{AB1C5C84-A39B-4CE1-963A-91CF53692EB5}.Release|Any CPU.Build.0 = Release|Any CPU
		{54BC9F21-C996-4AA6-B8B6-C86410D71DFB}.Debug|Any CPU.ActiveCfg = Debug|Any CPU
		{54BC9F21-C996-4AA6-B8B6-C86410D71DFB}.Debug|Any CPU.Build.0 = Debug|Any CPU
		{54BC9F21-C996-4AA6-B8B6-C86410D71DFB}.Release|Any CPU.ActiveCfg = Release|Any CPU
		{54BC9F21-C996-4AA6-B8B6-C86410D71DFB}.Release|Any CPU.Build.0 = Release|Any CPU
		{BEC5FE84-41B7-406E-ACB2-6C1FF7B45464}.Debug|Any CPU.ActiveCfg = Debug|Any CPU
		{BEC5FE84-41B7-406E-ACB2-6C1FF7B45464}.Debug|Any CPU.Build.0 = Debug|Any CPU
		{BEC5FE84-41B7-406E-ACB2-6C1FF7B45464}.Release|Any CPU.ActiveCfg = Release|Any CPU
		{BEC5FE84-41B7-406E-ACB2-6C1FF7B45464}.Release|Any CPU.Build.0 = Release|Any CPU
		{643285D6-9410-4009-9124-37A8F8A5C2D0}.Debug|Any CPU.ActiveCfg = Debug|Any CPU
		{643285D6-9410-4009-9124-37A8F8A5C2D0}.Debug|Any CPU.Build.0 = Debug|Any CPU
		{643285D6-9410-4009-9124-37A8F8A5C2D0}.Release|Any CPU.ActiveCfg = Release|Any CPU
		{643285D6-9410-4009-9124-37A8F8A5C2D0}.Release|Any CPU.Build.0 = Release|Any CPU
		{E9F4C55A-C8C4-4EF7-A7C6-18098E8E5F1F}.Debug|Any CPU.ActiveCfg = Debug|Any CPU
		{E9F4C55A-C8C4-4EF7-A7C6-18098E8E5F1F}.Debug|Any CPU.Build.0 = Debug|Any CPU
		{E9F4C55A-C8C4-4EF7-A7C6-18098E8E5F1F}.Release|Any CPU.ActiveCfg = Release|Any CPU
		{E9F4C55A-C8C4-4EF7-A7C6-18098E8E5F1F}.Release|Any CPU.Build.0 = Release|Any CPU
		{DE6B87CE-FCB0-4D55-A0CC-9D9E82EEAADE}.Debug|Any CPU.ActiveCfg = Debug|Any CPU
		{DE6B87CE-FCB0-4D55-A0CC-9D9E82EEAADE}.Debug|Any CPU.Build.0 = Debug|Any CPU
		{DE6B87CE-FCB0-4D55-A0CC-9D9E82EEAADE}.Release|Any CPU.ActiveCfg = Release|Any CPU
		{DE6B87CE-FCB0-4D55-A0CC-9D9E82EEAADE}.Release|Any CPU.Build.0 = Release|Any CPU
	EndGlobalSection
	GlobalSection(SolutionProperties) = preSolution
		HideSolutionNode = FALSE
	EndGlobalSection
	GlobalSection(NestedProjects) = preSolution
		{9B16A2ED-A1F7-40AD-9CBB-BC3B3999A200} = {75908584-E4F7-414F-9FAB-E751AD66ED0A}
		{045D39A1-453A-46E5-80F0-47B30CCFCC60} = {75908584-E4F7-414F-9FAB-E751AD66ED0A}
		{5DB05902-4A16-47AE-B0BF-359A5706AE35} = {75908584-E4F7-414F-9FAB-E751AD66ED0A}
		{AB1C5C84-A39B-4CE1-963A-91CF53692EB5} = {4285A720-9AA5-4072-B21A-C282D70A46AD}
		{54BC9F21-C996-4AA6-B8B6-C86410D71DFB} = {4285A720-9AA5-4072-B21A-C282D70A46AD}
		{BEC5FE84-41B7-406E-ACB2-6C1FF7B45464} = {4285A720-9AA5-4072-B21A-C282D70A46AD}
		{643285D6-9410-4009-9124-37A8F8A5C2D0} = {B7E226E9-6D33-4D6A-8A3F-A27C26847BE7}
		{E9F4C55A-C8C4-4EF7-A7C6-18098E8E5F1F} = {B7E226E9-6D33-4D6A-8A3F-A27C26847BE7}
		{DE6B87CE-FCB0-4D55-A0CC-9D9E82EEAADE} = {B7E226E9-6D33-4D6A-8A3F-A27C26847BE7}
	EndGlobalSection
	GlobalSection(ExtensibilityGlobals) = postSolution
		SolutionGuid = {D902EE70-D4FE-49BF-9985-977F584A0AB4}
	EndGlobalSection
EndGlobal
